// !$*UTF8*$!
{
	archiveVersion = 1;
	classes = {
	};
	objectVersion = 46;
	objects = {

/* Begin PBXBuildFile section */
		29CAB9C01CBBB2F0008F93DC /* main.m in Sources */ = {isa = PBXBuildFile; fileRef = 29CAB9BF1CBBB2F0008F93DC /* main.m */; };
/* End PBXBuildFile section */

/* Begin PBXCopyFilesBuildPhase section */
		29CAB9BA1CBBB2F0008F93DC /* CopyFiles */ = {
			isa = PBXCopyFilesBuildPhase;
			buildActionMask = 2147483647;
			dstPath = /usr/share/man/man1/;
			dstSubfolderSpec = 0;
			files = (
			);
			runOnlyForDeploymentPostprocessing = 1;
		};
/* End PBXCopyFilesBuildPhase section */

/* Begin PBXFileReference section */
		29CAB9BC1CBBB2F0008F93DC /* DictionaryObject */ = {isa = PBXFileReference; explicitFileType = "compiled.mach-o.executable"; includeInIndex = 0; path = DictionaryObject; sourceTree = BUILT_PRODUCTS_DIR; };
		29CAB9BF1CBBB2F0008F93DC /* main.m */ = {isa = PBXFileReference; lastKnownFileType = sourcecode.c.objc; path = main.m; sourceTree = "<group>"; };
/* End PBXFileReference section */

/* Begin PBXFrameworksBuildPhase section */
		29CAB9B91CBBB2F0008F93DC /* Frameworks */ = {
			isa = PBXFrameworksBuildPhase;
			buildActionMask = 2147483647;
			files = (
			);
			runOnlyForDeploymentPostprocessing = 0;
		};
/* End PBXFrameworksBuildPhase section */

/* Begin PBXGroup section */
		29CAB9B31CBBB2F0008F93DC = {
			isa = PBXGroup;
			children = (
				29CAB9BE1CBBB2F0008F93DC /* Dictionary_Object */,
				29CAB9BD1CBBB2F0008F93DC /* Products */,
			);
			sourceTree = "<group>";
		};
		29CAB9BD1CBBB2F0008F93DC /* Products */ = {
			isa = PBXGroup;
			children = (
				29CAB9BC1CBBB2F0008F93DC /* DictionaryObject */,
			);
			name = Products;
			sourceTree = "<group>";
		};
		29CAB9BE1CBBB2F0008F93DC /* Dictionary_Object */ = {
			isa = PBXGroup;
			children = (
				29CAB9BF1CBBB2F0008F93DC /* main.m */,
			);
			path = Dictionary_Object;
			sourceTree = "<group>";
		};
/* End PBXGroup section */

/* Begin PBXNativeTarget section */
		29CAB9BB1CBBB2F0008F93DC /* DictionaryObject */ = {
			isa = PBXNativeTarget;
			buildConfigurationList = 29CAB9C31CBBB2F0008F93DC /* Build configuration list for PBXNativeTarget "DictionaryObject" */;
			buildPhases = (
				29CAB9B81CBBB2F0008F93DC /* Sources */,
				29CAB9B91CBBB2F0008F93DC /* Frameworks */,
				29CAB9BA1CBBB2F0008F93DC /* CopyFiles */,
			);
			buildRules = (
			);
			dependencies = (
			);
			name = DictionaryObject;
			productName = Dictionary_Object;
			productReference = 29CAB9BC1CBBB2F0008F93DC /* DictionaryObject */;
			productType = "com.apple.product-type.tool";
		};
/* End PBXNativeTarget section */

/* Begin PBXProject section */
		29CAB9B41CBBB2F0008F93DC /* Project object */ = {
			isa = PBXProject;
			attributes = {
				LastUpgradeCheck = 0730;
				ORGANIZATIONNAME = "Xuan Songchen";
				TargetAttributes = {
					29CAB9BB1CBBB2F0008F93DC = {
						CreatedOnToolsVersion = 7.3;
					};
				};
			};
			buildConfigurationList = 29CAB9B71CBBB2F0008F93DC /* Build configuration list for PBXProject "DictionaryObject" */;
			compatibilityVersion = "Xcode 3.2";
			developmentRegion = English;
			hasScannedForEncodings = 0;
			knownRegions = (
				en,
			);
			mainGroup = 29CAB9B31CBBB2F0008F93DC;
			productRefGroup = 29CAB9BD1CBBB2F0008F93DC /* Products */;
			projectDirPath = "";
			projectRoot = "";
			targets = (
				29CAB9BB1CBBB2F0008F93DC /* DictionaryObject */,
			);
		};
/* End PBXProject section */

/* Begin PBXSourcesBuildPhase section */
		29CAB9B81CBBB2F0008F93DC /* Sources */ = {
			isa = PBXSourcesBuildPhase;
			buildActionMask = 2147483647;
			files = (
				29CAB9C01CBBB2F0008F93DC /* main.m in Sources */,
			);
			runOnlyForDeploymentPostprocessing = 0;
		};
/* End PBXSourcesBuildPhase section */

/* Begin XCBuildConfiguration section */
		29CAB9C11CBBB2F0008F93DC /* Debug */ = {
			isa = XCBuildConfiguration;
			buildSettings = {
				ALWAYS_SEARCH_USER_PATHS = NO;
				CLANG_ANALYZER_NONNULL = YES;
				CLANG_CXX_LANGUAGE_STANDARD = "gnu++0x";
				CLANG_CXX_LIBRARY = "libc++";
				CLANG_ENABLE_MODULES = YES;
				CLANG_ENABLE_OBJC_ARC = YES;
				CLANG_WARN_BOOL_CONVERSION = YES;
				CLANG_WARN_CONSTANT_CONVERSION = YES;
				CLANG_WARN_DIRECT_OBJC_ISA_USAGE = YES_ERROR;
				CLANG_WARN_EMPTY_BODY = YES;
				CLANG_WARN_ENUM_CONVERSION = YES;
				CLANG_WARN_INT_CONVERSION = YES;
				CLANG_WARN_OBJC_ROOT_CLASS = YES_ERROR;
				CLANG_WARN_UNREACHABLE_CODE = YES;
				CLANG_WARN__DUPLICATE_METHOD_MATCH = YES;
				CODE_SIGN_IDENTITY = "-";
				COPY_PHASE_STRIP = NO;
				DEBUG_INFORMATION_FORMAT = dwarf;
				ENABLE_STRICT_OBJC_MSGSEND = YES;
				ENABLE_TESTABILITY = YES;
				GCC_C_LANGUAGE_STANDARD = gnu99;
				GCC_DYNAMIC_NO_PIC = NO;
				GCC_NO_COMMON_BLOCKS = YES;
				GCC_OPTIMIZATION_LEVEL = 0;
				GCC_PREPROCESSOR_DEFINITIONS = (
					"DEBUG=1",
					"$(inherited)",
				);
				GCC_WARN_64_TO_32_BIT_CONVERSION = YES;
				GCC_WARN_ABOUT_RETURN_TYPE = YES_ERROR;
				GCC_WARN_UNDECLARED_SELECTOR = YES;
				GCC_WARN_UNINITIALIZED_AUTOS = YES_AGGRESSIVE;
				GCC_WARN_UNUSED_FUNCTION = YES;
				GCC_WARN_UNUSED_VARIABLE = YES;
				MACOSX_DEPLOYMENT_TARGET = 10.11;
				MTL_ENABLE_DEBUG_INFO = YES;
				ONLY_ACTIVE_ARCH = YES;
				SDKROOT = macosx;
			};
			name = Debug;
		};
		29CAB9C21CBBB2F0008F93DC /* Release */ = {
			isa = XCBuildConfiguration;
			buildSettings = {
				ALWAYS_SEARCH_USER_PATHS = NO;
				CLANG_ANALYZER_NONNULL = YES;
				CLANG_CXX_LANGUAGE_STANDARD = "gnu++0x";
				CLANG_CXX_LIBRARY = "libc++";
				CLANG_ENABLE_MODULES = YES;
				CLANG_ENABLE_OBJC_ARC = YES;
				CLANG_WARN_BOOL_CONVERSION = YES;
				CLANG_WARN_CONSTANT_CONVERSION = YES;
				CLANG_WARN_DIRECT_OBJC_ISA_USAGE = YES_ERROR;
				CLANG_WARN_EMPTY_BODY = YES;
				CLANG_WARN_ENUM_CONVERSION = YES;
				CLANG_WARN_INT_CONVERSION = YES;
				CLANG_WARN_OBJC_ROOT_CLASS = YES_ERROR;
				CLANG_WARN_UNREACHABLE_CODE = YES;
				CLANG_WARN__DUPLICATE_METHOD_MATCH = YES;
				CODE_SIGN_IDENTITY = "-";
				COPY_PHASE_STRIP = NO;
				DEBUG_INFORMATION_FORMAT = "dwarf-with-dsym";
				ENABLE_NS_ASSERTIONS = NO;
				ENABLE_STRICT_OBJC_MSGSEND = YES;
				GCC_C_LANGUAGE_STANDARD = gnu99;
				GCC_NO_COMMON_BLOCKS = YES;
				GCC_WARN_64_TO_32_BIT_CONVERSION = YES;
				GCC_WARN_ABOUT_RETURN_TYPE = YES_ERROR;
				GCC_WARN_UNDECLARED_SELECTOR = YES;
				GCC_WARN_UNINITIALIZED_AUTOS = YES_AGGRESSIVE;
				GCC_WARN_UNUSED_FUNCTION = YES;
				GCC_WARN_UNUSED_VARIABLE = YES;
				MACOSX_DEPLOYMENT_TARGET = 10.11;
				MTL_ENABLE_DEBUG_INFO = NO;
				SDKROOT = macosx;
			};
			name = Release;
		};
		29CAB9C41CBBB2F0008F93DC /* Debug */ = {
			isa = XCBuildConfiguration;
			buildSettings = {
				PRODUCT_NAME = DictionaryObject;
			};
			name = Debug;
		};
		29CAB9C51CBBB2F0008F93DC /* Release */ = {
			isa = XCBuildConfiguration;
			buildSettings = {
				PRODUCT_NAME = DictionaryObject;
			};
			name = Release;
		};
/* End XCBuildConfiguration section */

/* Begin XCConfigurationList section */
		29CAB9B71CBBB2F0008F93DC /* Build configuration list for PBXProject "DictionaryObject" */ = {
			isa = XCConfigurationList;
			buildConfigurations = (
				29CAB9C11CBBB2F0008F93DC /* Debug */,
				29CAB9C21CBBB2F0008F93DC /* Release */,
			);
			defaultConfigurationIsVisible = 0;
			defaultConfigurationName = Release;
		};
		29CAB9C31CBBB2F0008F93DC /* Build configuration list for PBXNativeTarget "DictionaryObject" */ = {
			isa = XCConfigurationList;
			buildConfigurations = (
				29CAB9C41CBBB2F0008F93DC /* Debug */,
				29CAB9C51CBBB2F0008F93DC /* Release */,
			);
			defaultConfigurationIsVisible = 0;
			defaultConfigurationName = Release;
		};
/* End XCConfigurationList section */
	};
	rootObject = 29CAB9B41CBBB2F0008F93DC /* Project object */;
}
